
Microsoft Visual Studio Solution File, Format Version 12.00
Project("{2150E333-8FDC-42A3-9474-1A3956D46DE8}") = "Services", "Services", "{F89B030A-9A18-4F07-8435-59A4F3F75DF5}"
EndProject
Project("{2150E333-8FDC-42A3-9474-1A3956D46DE8}") = "Catalog", "Catalog", "{B85C3B3E-C633-47B6-B632-307FC9CD828E}"
EndProject
Project("{FAE04EC0-301F-11D3-BF4B-00C04F79EFBC}") = "Catalog.API", "Services\Catalog\Catalog.API\Catalog.API.csproj", "{C3801DA6-FB91-40E5-AFE6-DDC191D61088}"
EndProject
Project("{2150E333-8FDC-42A3-9474-1A3956D46DE8}") = "BuildingBlocks", "BuildingBlocks", "{5A55290D-55E3-4967-8EEC-35FC5629BB91}"
EndProject
Project("{FAE04EC0-301F-11D3-BF4B-00C04F79EFBC}") = "BuildingBlocks", "BuildingBlocks\BuildingBlocks\BuildingBlocks.csproj", "{6F1C0BA3-C79E-4A72-9A2E-6EC106BA15E1}"
EndProject
Project("{2150E333-8FDC-42A3-9474-1A3956D46DE8}") = "Solution Items", "Solution Items", "{DE16B862-8C64-45DA-8107-AD15BC700B65}"
	ProjectSection(SolutionItems) = preProject
		compose.yaml = compose.yaml
		docker-compose.override.yaml = docker-compose.override.yaml
	EndProjectSection
EndProject
Project("{2150E333-8FDC-42A3-9474-1A3956D46DE8}") = "Basket", "Basket", "{44A4613F-A22E-41FD-A8F0-25AE6BAD1994}"
EndProject
Project("{FAE04EC0-301F-11D3-BF4B-00C04F79EFBC}") = "Basket.API", "Services\Basket\Basket.API\Basket.API.csproj", "{64BEBB48-1278-4133-991C-D7BF212E1F99}"
EndProject
Project("{2150E333-8FDC-42A3-9474-1A3956D46DE8}") = "Discount", "Discount", "{5C1273C3-D0B3-4EDB-B4B4-79AB9491308E}"
EndProject
Project("{FAE04EC0-301F-11D3-BF4B-00C04F79EFBC}") = "Discount.Grpc", "Services\Discount\Discount.Grpc\Discount.Grpc.csproj", "{02683D6D-662F-48CF-B41D-9A7BAA5926D9}"
EndProject
Global
	GlobalSection(SolutionConfigurationPlatforms) = preSolution
		Debug|Any CPU = Debug|Any CPU
		Release|Any CPU = Release|Any CPU
	EndGlobalSection
	GlobalSection(ProjectConfigurationPlatforms) = postSolution
		{C3801DA6-FB91-40E5-AFE6-DDC191D61088}.Debug|Any CPU.ActiveCfg = Debug|Any CPU
		{C3801DA6-FB91-40E5-AFE6-DDC191D61088}.Debug|Any CPU.Build.0 = Debug|Any CPU
		{C3801DA6-FB91-40E5-AFE6-DDC191D61088}.Release|Any CPU.ActiveCfg = Release|Any CPU
		{C3801DA6-FB91-40E5-AFE6-DDC191D61088}.Release|Any CPU.Build.0 = Release|Any CPU
		{6F1C0BA3-C79E-4A72-9A2E-6EC106BA15E1}.Debug|Any CPU.ActiveCfg = Debug|Any CPU
		{6F1C0BA3-C79E-4A72-9A2E-6EC106BA15E1}.Debug|Any CPU.Build.0 = Debug|Any CPU
		{6F1C0BA3-C79E-4A72-9A2E-6EC106BA15E1}.Release|Any CPU.ActiveCfg = Release|Any CPU
		{6F1C0BA3-C79E-4A72-9A2E-6EC106BA15E1}.Release|Any CPU.Build.0 = Release|Any CPU
		{64BEBB48-1278-4133-991C-D7BF212E1F99}.Debug|Any CPU.ActiveCfg = Debug|Any CPU
		{64BEBB48-1278-4133-991C-D7BF212E1F99}.Debug|Any CPU.Build.0 = Debug|Any CPU
		{64BEBB48-1278-4133-991C-D7BF212E1F99}.Release|Any CPU.ActiveCfg = Release|Any CPU
		{64BEBB48-1278-4133-991C-D7BF212E1F99}.Release|Any CPU.Build.0 = Release|Any CPU
		{02683D6D-662F-48CF-B41D-9A7BAA5926D9}.Debug|Any CPU.ActiveCfg = Debug|Any CPU
		{02683D6D-662F-48CF-B41D-9A7BAA5926D9}.Debug|Any CPU.Build.0 = Debug|Any CPU
		{02683D6D-662F-48CF-B41D-9A7BAA5926D9}.Release|Any CPU.ActiveCfg = Release|Any CPU
		{02683D6D-662F-48CF-B41D-9A7BAA5926D9}.Release|Any CPU.Build.0 = Release|Any CPU
	EndGlobalSection
	GlobalSection(NestedProjects) = preSolution
		{B85C3B3E-C633-47B6-B632-307FC9CD828E} = {F89B030A-9A18-4F07-8435-59A4F3F75DF5}
		{C3801DA6-FB91-40E5-AFE6-DDC191D61088} = {B85C3B3E-C633-47B6-B632-307FC9CD828E}
		{6F1C0BA3-C79E-4A72-9A2E-6EC106BA15E1} = {5A55290D-55E3-4967-8EEC-35FC5629BB91}
		{44A4613F-A22E-41FD-A8F0-25AE6BAD1994} = {F89B030A-9A18-4F07-8435-59A4F3F75DF5}
		{64BEBB48-1278-4133-991C-D7BF212E1F99} = {44A4613F-A22E-41FD-A8F0-25AE6BAD1994}
		{5C1273C3-D0B3-4EDB-B4B4-79AB9491308E} = {F89B030A-9A18-4F07-8435-59A4F3F75DF5}
		{02683D6D-662F-48CF-B41D-9A7BAA5926D9} = {5C1273C3-D0B3-4EDB-B4B4-79AB9491308E}
	EndGlobalSection
EndGlobal
